// !$*UTF8*$!
{
	archiveVersion = 1;
	classes = {
	};
	objectVersion = 50;
	objects = {

/* Begin PBXBuildFile section */
		BE094B3C23B1C50000991437 /* AppDelegate.swift in Sources */ = {isa = PBXBuildFile; fileRef = BE094B3B23B1C50000991437 /* AppDelegate.swift */; };
		BE094B3E23B1C50000991437 /* SceneDelegate.swift in Sources */ = {isa = PBXBuildFile; fileRef = BE094B3D23B1C50000991437 /* SceneDelegate.swift */; };
		BE094B4023B1C50000991437 /* ViewController.swift in Sources */ = {isa = PBXBuildFile; fileRef = BE094B3F23B1C50000991437 /* ViewController.swift */; };
		BE094B4323B1C50000991437 /* Main.storyboard in Resources */ = {isa = PBXBuildFile; fileRef = BE094B4123B1C50000991437 /* Main.storyboard */; };
		BE094B4523B1C50100991437 /* Assets.xcassets in Resources */ = {isa = PBXBuildFile; fileRef = BE094B4423B1C50100991437 /* Assets.xcassets */; };
		BE094B4823B1C50100991437 /* LaunchScreen.storyboard in Resources */ = {isa = PBXBuildFile; fileRef = BE094B4623B1C50100991437 /* LaunchScreen.storyboard */; };
		BE8B014723B287DE00C26E55 /* DetailViewController.swift in Sources */ = {isa = PBXBuildFile; fileRef = BE8B014623B287DE00C26E55 /* DetailViewController.swift */; };
		BE8B014923B28DAC00C26E55 /* Item.swift in Sources */ = {isa = PBXBuildFile; fileRef = BE8B014823B28DAC00C26E55 /* Item.swift */; };
/* End PBXBuildFile section */

/* Begin PBXFileReference section */
		BE094B3823B1C50000991437 /* Pottery.app */ = {isa = PBXFileReference; explicitFileType = wrapper.application; includeInIndex = 0; path = Pottery.app; sourceTree = BUILT_PRODUCTS_DIR; };
		BE094B3B23B1C50000991437 /* AppDelegate.swift */ = {isa = PBXFileReference; lastKnownFileType = sourcecode.swift; path = AppDelegate.swift; sourceTree = "<group>"; };
		BE094B3D23B1C50000991437 /* SceneDelegate.swift */ = {isa = PBXFileReference; lastKnownFileType = sourcecode.swift; path = SceneDelegate.swift; sourceTree = "<group>"; };
		BE094B3F23B1C50000991437 /* ViewController.swift */ = {isa = PBXFileReference; lastKnownFileType = sourcecode.swift; path = ViewController.swift; sourceTree = "<group>"; };
		BE094B4223B1C50000991437 /* Base */ = {isa = PBXFileReference; lastKnownFileType = file.storyboard; name = Base; path = Base.lproj/Main.storyboard; sourceTree = "<group>"; };
		BE094B4423B1C50100991437 /* Assets.xcassets */ = {isa = PBXFileReference; lastKnownFileType = folder.assetcatalog; path = Assets.xcassets; sourceTree = "<group>"; };
		BE094B4723B1C50100991437 /* Base */ = {isa = PBXFileReference; lastKnownFileType = file.storyboard; name = Base; path = Base.lproj/LaunchScreen.storyboard; sourceTree = "<group>"; };
		BE094B4923B1C50100991437 /* Info.plist */ = {isa = PBXFileReference; lastKnownFileType = text.plist.xml; path = Info.plist; sourceTree = "<group>"; };
		BE8B014623B287DE00C26E55 /* DetailViewController.swift */ = {isa = PBXFileReference; lastKnownFileType = sourcecode.swift; path = DetailViewController.swift; sourceTree = "<group>"; };
		BE8B014823B28DAC00C26E55 /* Item.swift */ = {isa = PBXFileReference; lastKnownFileType = sourcecode.swift; path = Item.swift; sourceTree = "<group>"; };
/* End PBXFileReference section */

/* Begin PBXFrameworksBuildPhase section */
		BE094B3523B1C50000991437 /* Frameworks */ = {
			isa = PBXFrameworksBuildPhase;
			buildActionMask = 2147483647;
			files = (
			);
			runOnlyForDeploymentPostprocessing = 0;
		};
/* End PBXFrameworksBuildPhase section */

/* Begin PBXGroup section */
		BE094B2F23B1C50000991437 = {
			isa = PBXGroup;
			children = (
				BE094B3A23B1C50000991437 /* Pottery */,
				BE094B3923B1C50000991437 /* Products */,
			);
			sourceTree = "<group>";
		};
		BE094B3923B1C50000991437 /* Products */ = {
			isa = PBXGroup;
			children = (
				BE094B3823B1C50000991437 /* Pottery.app */,
			);
			name = Products;
			sourceTree = "<group>";
		};
		BE094B3A23B1C50000991437 /* Pottery */ = {
			isa = PBXGroup;
			children = (
				BE094B3B23B1C50000991437 /* AppDelegate.swift */,
				BE094B3D23B1C50000991437 /* SceneDelegate.swift */,
				BE094B3F23B1C50000991437 /* ViewController.swift */,
				BE094B4123B1C50000991437 /* Main.storyboard */,
				BE8B014823B28DAC00C26E55 /* Item.swift */,
				BE8B014623B287DE00C26E55 /* DetailViewController.swift */,
				BE094B4423B1C50100991437 /* Assets.xcassets */,
				BE094B4623B1C50100991437 /* LaunchScreen.storyboard */,
				BE094B4923B1C50100991437 /* Info.plist */,
			);
			path = Pottery;
			sourceTree = "<group>";
		};
/* End PBXGroup section */

/* Begin PBXNativeTarget section */
		BE094B3723B1C50000991437 /* Pottery */ = {
			isa = PBXNativeTarget;
			buildConfigurationList = BE094B4C23B1C50100991437 /* Build configuration list for PBXNativeTarget "Pottery" */;
			buildPhases = (
				BE094B3423B1C50000991437 /* Sources */,
				BE094B3523B1C50000991437 /* Frameworks */,
				BE094B3623B1C50000991437 /* Resources */,
			);
			buildRules = (
			);
			dependencies = (
			);
			name = Pottery;
			productName = Pottery;
			productReference = BE094B3823B1C50000991437 /* Pottery.app */;
			productType = "com.apple.product-type.application";
		};
/* End PBXNativeTarget section */

/* Begin PBXProject section */
		BE094B3023B1C50000991437 /* Project object */ = {
			isa = PBXProject;
			attributes = {
				LastSwiftUpdateCheck = 1120;
				LastUpgradeCheck = 1120;
				ORGANIZATIONNAME = "Sabreena Abedin";
				TargetAttributes = {
					BE094B3723B1C50000991437 = {
						CreatedOnToolsVersion = 11.2.1;
					};
				};
			};
			buildConfigurationList = BE094B3323B1C50000991437 /* Build configuration list for PBXProject "Pottery" */;
			compatibilityVersion = "Xcode 9.3";
			developmentRegion = en;
			hasScannedForEncodings = 0;
			knownRegions = (
				en,
				Base,
			);
			mainGroup = BE094B2F23B1C50000991437;
			productRefGroup = BE094B3923B1C50000991437 /* Products */;
			projectDirPath = "";
			projectRoot = "";
			targets = (
				BE094B3723B1C50000991437 /* Pottery */,
			);
		};
/* End PBXProject section */

/* Begin PBXResourcesBuildPhase section */
		BE094B3623B1C50000991437 /* Resources */ = {
			isa = PBXResourcesBuildPhase;
			buildActionMask = 2147483647;
			files = (
				BE094B4823B1C50100991437 /* LaunchScreen.storyboard in Resources */,
				BE094B4523B1C50100991437 /* Assets.xcassets in Resources */,
				BE094B4323B1C50000991437 /* Main.storyboard in Resources */,
			);
			runOnlyForDeploymentPostprocessing = 0;
		};
/* End PBXResourcesBuildPhase section */

/* Begin PBXSourcesBuildPhase section */
		BE094B3423B1C50000991437 /* Sources */ = {
			isa = PBXSourcesBuildPhase;
			buildActionMask = 2147483647;
			files = (
				BE8B014923B28DAC00C26E55 /* Item.swift in Sources */,
				BE094B4023B1C50000991437 /* ViewController.swift in Sources */,
				BE094B3C23B1C50000991437 /* AppDelegate.swift in Sources */,
				BE094B3E23B1C50000991437 /* SceneDelegate.swift in Sources */,
				BE8B014723B287DE00C26E55 /* DetailViewController.swift in Sources */,
			);
			runOnlyForDeploymentPostprocessing = 0;
		};
/* End PBXSourcesBuildPhase section */

/* Begin PBXVariantGroup section */
		BE094B4123B1C50000991437 /* Main.storyboard */ = {
			isa = PBXVariantGroup;
			children = (
				BE094B4223B1C50000991437 /* Base */,
			);
			name = Main.storyboard;
			sourceTree = "<group>";
		};
		BE094B4623B1C50100991437 /* LaunchScreen.storyboard */ = {
			isa = PBXVariantGroup;
			children = (
				BE094B4723B1C50100991437 /* Base */,
			);
			name = LaunchScreen.storyboard;
			sourceTree = "<group>";
		};
/* End PBXVariantGroup section */

/* Begin XCBuildConfiguration section */
		BE094B4A23B1C50100991437 /* Debug */ = {
			isa = XCBuildConfiguration;
			buildSettings = {
				ALWAYS_SEARCH_USER_PATHS = NO;
				CLANG_ANALYZER_NONNULL = YES;
				CLANG_ANALYZER_NUMBER_OBJECT_CONVERSION = YES_AGGRESSIVE;
				CLANG_CXX_LANGUAGE_STANDARD = "gnu++14";
				CLANG_CXX_LIBRARY = "libc++";
				CLANG_ENABLE_MODULES = YES;
				CLANG_ENABLE_OBJC_ARC = YES;
				CLANG_ENABLE_OBJC_WEAK = YES;
				CLANG_WARN_BLOCK_CAPTURE_AUTORELEASING = YES;
				CLANG_WARN_BOOL_CONVERSION = YES;
				CLANG_WARN_COMMA = YES;
				CLANG_WARN_CONSTANT_CONVERSION = YES;
				CLANG_WARN_DEPRECATED_OBJC_IMPLEMENTATIONS = YES;
				CLANG_WARN_DIRECT_OBJC_ISA_USAGE = YES_ERROR;
				CLANG_WARN_DOCUMENTATION_COMMENTS = YES;
				CLANG_WARN_EMPTY_BODY = YES;
				CLANG_WARN_ENUM_CONVERSION = YES;
				CLANG_WARN_INFINITE_RECURSION = YES;
				CLANG_WARN_INT_CONVERSION = YES;
				CLANG_WARN_NON_LITERAL_NULL_CONVERSION = YES;
				CLANG_WARN_OBJC_IMPLICIT_RETAIN_SELF = YES;
				CLANG_WARN_OBJC_LITERAL_CONVERSION = YES;
				CLANG_WARN_OBJC_ROOT_CLASS = YES_ERROR;
				CLANG_WARN_RANGE_LOOP_ANALYSIS = YES;
				CLANG_WARN_STRICT_PROTOTYPES = YES;
				CLANG_WARN_SUSPICIOUS_MOVE = YES;
				CLANG_WARN_UNGUARDED_AVAILABILITY = YES_AGGRESSIVE;
				CLANG_WARN_UNREACHABLE_CODE = YES;
				CLANG_WARN__DUPLICATE_METHOD_MATCH = YES;
				COPY_PHASE_STRIP = NO;
				DEBUG_INFORMATION_FORMAT = dwarf;
				ENABLE_STRICT_OBJC_MSGSEND = YES;
				ENABLE_TESTABILITY = YES;
				GCC_C_LANGUAGE_STANDARD = gnu11;
				GCC_DYNAMIC_NO_PIC = NO;
				GCC_NO_COMMON_BLOCKS = YES;
				GCC_OPTIMIZATION_LEVEL = 0;
				GCC_PREPROCESSOR_DEFINITIONS = (
					"DEBUG=1",
					"$(inherited)",
				);
				GCC_WARN_64_TO_32_BIT_CONVERSION = YES;
				GCC_WARN_ABOUT_RETURN_TYPE = YES_ERROR;
				GCC_WARN_UNDECLARED_SELECTOR = YES;
				GCC_WARN_UNINITIALIZED_AUTOS = YES_AGGRESSIVE;
				GCC_WARN_UNUSED_FUNCTION = YES;
				GCC_WARN_UNUSED_VARIABLE = YES;
				IPHONEOS_DEPLOYMENT_TARGET = 13.2;
				MTL_ENABLE_DEBUG_INFO = INCLUDE_SOURCE;
				MTL_FAST_MATH = YES;
				ONLY_ACTIVE_ARCH = YES;
				SDKROOT = iphoneos;
				SWIFT_ACTIVE_COMPILATION_CONDITIONS = DEBUG;
				SWIFT_OPTIMIZATION_LEVEL = "-Onone";
			};
			name = Debug;
		};
		BE094B4B23B1C50100991437 /* Release */ = {
			isa = XCBuildConfiguration;
			buildSettings = {
				ALWAYS_SEARCH_USER_PATHS = NO;
				CLANG_ANALYZER_NONNULL = YES;
				CLANG_ANALYZER_NUMBER_OBJECT_CONVERSION = YES_AGGRESSIVE;
				CLANG_CXX_LANGUAGE_STANDARD = "gnu++14";
				CLANG_CXX_LIBRARY = "libc++";
				CLANG_ENABLE_MODULES = YES;
				CLANG_ENABLE_OBJC_ARC = YES;
				CLANG_ENABLE_OBJC_WEAK = YES;
				CLANG_WARN_BLOCK_CAPTURE_AUTORELEASING = YES;
				CLANG_WARN_BOOL_CONVERSION = YES;
				CLANG_WARN_COMMA = YES;
				CLANG_WARN_CONSTANT_CONVERSION = YES;
				CLANG_WARN_DEPRECATED_OBJC_IMPLEMENTATIONS = YES;
				CLANG_WARN_DIRECT_OBJC_ISA_USAGE = YES_ERROR;
				CLANG_WARN_DOCUMENTATION_COMMENTS = YES;
				CLANG_WARN_EMPTY_BODY = YES;
				CLANG_WARN_ENUM_CONVERSION = YES;
				CLANG_WARN_INFINITE_RECURSION = YES;
				CLANG_WARN_INT_CONVERSION = YES;
				CLANG_WARN_NON_LITERAL_NULL_CONVERSION = YES;
				CLANG_WARN_OBJC_IMPLICIT_RETAIN_SELF = YES;
				CLANG_WARN_OBJC_LITERAL_CONVERSION = YES;
				CLANG_WARN_OBJC_ROOT_CLASS = YES_ERROR;
				CLANG_WARN_RANGE_LOOP_ANALYSIS = YES;
				CLANG_WARN_STRICT_PROTOTYPES = YES;
				CLANG_WARN_SUSPICIOUS_MOVE = YES;
				CLANG_WARN_UNGUARDED_AVAILABILITY = YES_AGGRESSIVE;
				CLANG_WARN_UNREACHABLE_CODE = YES;
				CLANG_WARN__DUPLICATE_METHOD_MATCH = YES;
				COPY_PHASE_STRIP = NO;
				DEBUG_INFORMATION_FORMAT = "dwarf-with-dsym";
				ENABLE_NS_ASSERTIONS = NO;
				ENABLE_STRICT_OBJC_MSGSEND = YES;
				GCC_C_LANGUAGE_STANDARD = gnu11;
				GCC_NO_COMMON_BLOCKS = YES;
				GCC_WARN_64_TO_32_BIT_CONVERSION = YES;
				GCC_WARN_ABOUT_RETURN_TYPE = YES_ERROR;
				GCC_WARN_UNDECLARED_SELECTOR = YES;
				GCC_WARN_UNINITIALIZED_AUTOS = YES_AGGRESSIVE;
				GCC_WARN_UNUSED_FUNCTION = YES;
				GCC_WARN_UNUSED_VARIABLE = YES;
				IPHONEOS_DEPLOYMENT_TARGET = 13.2;
				MTL_ENABLE_DEBUG_INFO = NO;
				MTL_FAST_MATH = YES;
				SDKROOT = iphoneos;
				SWIFT_COMPILATION_MODE = wholemodule;
				SWIFT_OPTIMIZATION_LEVEL = "-O";
				VALIDATE_PRODUCT = YES;
			};
			name = Release;
		};
		BE094B4D23B1C50100991437 /* Debug */ = {
			isa = XCBuildConfiguration;
			buildSettings = {
				ASSETCATALOG_COMPILER_APPICON_NAME = AppIcon;
				CODE_SIGN_STYLE = Automatic;
				INFOPLIST_FILE = Pottery/Info.plist;
				LD_RUNPATH_SEARCH_PATHS = (
					"$(inherited)",
					"@executable_path/Frameworks",
				);
				PRODUCT_BUNDLE_IDENTIFIER = "Sabreena-Abedin.Pottery";
				PRODUCT_NAME = "$(TARGET_NAME)";
				SWIFT_VERSION = 5.0;
				TARGETED_DEVICE_FAMILY = "1,2";
			};
			name = Debug;
		};
		BE094B4E23B1C50100991437 /* Release */ = {
			isa = XCBuildConfiguration;
			buildSettings = {
				ASSETCATALOG_COMPILER_APPICON_NAME = AppIcon;
				CODE_SIGN_STYLE = Automatic;
				INFOPLIST_FILE = Pottery/Info.plist;
				LD_RUNPATH_SEARCH_PATHS = (
					"$(inherited)",
					"@executable_path/Frameworks",
				);
				PRODUCT_BUNDLE_IDENTIFIER = "Sabreena-Abedin.Pottery";
				PRODUCT_NAME = "$(TARGET_NAME)";
				SWIFT_VERSION = 5.0;
				TARGETED_DEVICE_FAMILY = "1,2";
			};
			name = Release;
		};
/* End XCBuildConfiguration section */

/* Begin XCConfigurationList section */
		BE094B3323B1C50000991437 /* Build configuration list for PBXProject "Pottery" */ = {
			isa = XCConfigurationList;
			buildConfigurations = (
				BE094B4A23B1C50100991437 /* Debug */,
				BE094B4B23B1C50100991437 /* Release */,
			);
			defaultConfigurationIsVisible = 0;
			defaultConfigurationName = Release;
		};
		BE094B4C23B1C50100991437 /* Build configuration list for PBXNativeTarget "Pottery" */ = {
			isa = XCConfigurationList;
			buildConfigurations = (
				BE094B4D23B1C50100991437 /* Debug */,
				BE094B4E23B1C50100991437 /* Release */,
			);
			defaultConfigurationIsVisible = 0;
			defaultConfigurationName = Release;
		};
/* End XCConfigurationList section */
	};
	rootObject = BE094B3023B1C50000991437 /* Project object */;
}
